// !$*UTF8*$!
{
	archiveVersion = 1;
	classes = {
	};
	objectVersion = 46;
	objects = {

/* Begin PBXBuildFile section */
		13B07FBC1A68108700A75B9A /* AppDelegate.m in Sources */ = {isa = PBXBuildFile; fileRef = 13B07FB01A68108700A75B9A /* AppDelegate.m */; };
		13B07FBD1A68108700A75B9A /* LaunchScreen.xib in Resources */ = {isa = PBXBuildFile; fileRef = 13B07FB11A68108700A75B9A /* LaunchScreen.xib */; };
		13B07FBF1A68108700A75B9A /* Images.xcassets in Resources */ = {isa = PBXBuildFile; fileRef = 13B07FB51A68108700A75B9A /* Images.xcassets */; };
		13B07FC11A68108700A75B9A /* main.m in Sources */ = {isa = PBXBuildFile; fileRef = 13B07FB71A68108700A75B9A /* main.m */; };
		3E461D99554A48A4959DE609 /* SplashScreen.storyboard in Resources */ = {isa = PBXBuildFile; fileRef = AA286B85B6C04FC6940260E9 /* SplashScreen.storyboard */; };
		96905EF65AED1B983A6B3ABC /* libPods-KahvemTrakAgain.a in Frameworks */ = {isa = PBXBuildFile; fileRef = 58EEBF8E8E6FB1BC6CAF49B5 /* libPods-KahvemTrakAgain.a */; };
		BB2F792D24A3F905000567C9 /* Expo.plist in Resources */ = {isa = PBXBuildFile; fileRef = BB2F792C24A3F905000567C9 /* Expo.plist */; };
		F7196D3C2E07485290B46606 /* AdventPro-Bold.ttf in Resources */ = {isa = PBXBuildFile; fileRef = D9D3915ABCF14A04919831AB /* AdventPro-Bold.ttf */; };
		2FB34254A4FE4608A5E4993A /* AdventPro-ExtraLight.ttf in Resources */ = {isa = PBXBuildFile; fileRef = D62BBCB903834B18880D58B3 /* AdventPro-ExtraLight.ttf */; };
		18980A8DC1824634A8CE2174 /* AdventPro-Light.ttf in Resources */ = {isa = PBXBuildFile; fileRef = 22FB2465751147E68269DF27 /* AdventPro-Light.ttf */; };
		F6EDD260924E4BD284AAA372 /* AdventPro-Medium.ttf in Resources */ = {isa = PBXBuildFile; fileRef = 82C23C4BF8C44E63B683B314 /* AdventPro-Medium.ttf */; };
		16E3CB2AEBB04D56A177A308 /* AdventPro-Regular.ttf in Resources */ = {isa = PBXBuildFile; fileRef = BD5454DAF44F4F4AAFA97774 /* AdventPro-Regular.ttf */; };
		EDC25763457D41C29650C56C /* AdventPro-SemiBold.ttf in Resources */ = {isa = PBXBuildFile; fileRef = B7F4E08389BB4A5DAA2530C2 /* AdventPro-SemiBold.ttf */; };
		1631BC8F8D6341DE823EEBCC /* AdventPro-Thin.ttf in Resources */ = {isa = PBXBuildFile; fileRef = 20CF9A7CDC61483E90A612C5 /* AdventPro-Thin.ttf */; };
		9CA6694B2F884A81A2F04AAE /* AntDesign.ttf in Resources */ = {isa = PBXBuildFile; fileRef = 92DFC1CDFCE948E990E27C26 /* AntDesign.ttf */; };
		2581DA49950D4FB1A65F8C23 /* Entypo.ttf in Resources */ = {isa = PBXBuildFile; fileRef = D85375DF0FDE416C99B354B5 /* Entypo.ttf */; };
		A6975151F14647C08C7C15F0 /* EvilIcons.ttf in Resources */ = {isa = PBXBuildFile; fileRef = 82DAF06B18BF473B9DA952AE /* EvilIcons.ttf */; };
		1D77478E68714FA29F8BE533 /* Feather.ttf in Resources */ = {isa = PBXBuildFile; fileRef = 09A38BFE38D34CF88959D0AB /* Feather.ttf */; };
		0FB115A887814B4BAE776711 /* FontAwesome.ttf in Resources */ = {isa = PBXBuildFile; fileRef = AF495CF2E97A4D4A9716CEE2 /* FontAwesome.ttf */; };
		7D8B811231424BF5A8ED275E /* FontAwesome5_Brands.ttf in Resources */ = {isa = PBXBuildFile; fileRef = A139E21E77754F04A3672CF3 /* FontAwesome5_Brands.ttf */; };
		E60410937D5B4ED7B6C8ECCC /* FontAwesome5_Regular.ttf in Resources */ = {isa = PBXBuildFile; fileRef = 6E2E730C37204DD2BF87DFE7 /* FontAwesome5_Regular.ttf */; };
		65FBC3315E604528915DC2F0 /* FontAwesome5_Solid.ttf in Resources */ = {isa = PBXBuildFile; fileRef = 489411AA0DFA41BFA37400D0 /* FontAwesome5_Solid.ttf */; };
		CB36197E82EB40EF81D7DE76 /* Fontisto.ttf in Resources */ = {isa = PBXBuildFile; fileRef = 31209132D876483293912408 /* Fontisto.ttf */; };
		12ADB5DF91274152B17356A2 /* Foundation.ttf in Resources */ = {isa = PBXBuildFile; fileRef = 2267C2C0285641F99611E86C /* Foundation.ttf */; };
		49A317098FC643C3AEE6D29F /* Ionicons.ttf in Resources */ = {isa = PBXBuildFile; fileRef = 362064C954664A1381010C09 /* Ionicons.ttf */; };
		E7BF42DD499F4897B5CC62BB /* MaterialCommunityIcons.ttf in Resources */ = {isa = PBXBuildFile; fileRef = FA272436590D4938BE69B03C /* MaterialCommunityIcons.ttf */; };
		ADF80C3636284B28B7A15EFD /* MaterialIcons.ttf in Resources */ = {isa = PBXBuildFile; fileRef = 017F2CC8983947FFB522C703 /* MaterialIcons.ttf */; };
		92C2DC2E37884EAFBCF03456 /* Octicons.ttf in Resources */ = {isa = PBXBuildFile; fileRef = 5CE6FDD903E2460382CC247F /* Octicons.ttf */; };
		0198BF96B12B41BA8BC216BA /* SimpleLineIcons.ttf in Resources */ = {isa = PBXBuildFile; fileRef = 3AA184A4217C40A88BE39088 /* SimpleLineIcons.ttf */; };
		95252E9200CB4D08BA551489 /* Zocial.ttf in Resources */ = {isa = PBXBuildFile; fileRef = 119BF98584ED45DF9B67B744 /* Zocial.ttf */; };
		68ADD2BC877A47AA8BE348E0 /* AntDesign.ttf in Resources */ = {isa = PBXBuildFile; fileRef = ADF17E46F0E44D32BC5F974C /* AntDesign.ttf */; };
		B86C2AFC21094AA4A4541E83 /* Entypo.ttf in Resources */ = {isa = PBXBuildFile; fileRef = 6F456D0684F448DFA5170AAA /* Entypo.ttf */; };
		558EC03DF94A44BEB31FDEA8 /* EvilIcons.ttf in Resources */ = {isa = PBXBuildFile; fileRef = 3D2B00B9DC134F22A7DC6FF4 /* EvilIcons.ttf */; };
		500A946DA0284FA6A1B69DAB /* Feather.ttf in Resources */ = {isa = PBXBuildFile; fileRef = CDE74038ABF94841ACAC3C43 /* Feather.ttf */; };
		B25271B2359B4178995D5C5B /* FontAwesome.ttf in Resources */ = {isa = PBXBuildFile; fileRef = 9BF2BA027AED4F799E04B871 /* FontAwesome.ttf */; };
		973505105157455B9E1A43BE /* FontAwesome5_Brands.ttf in Resources */ = {isa = PBXBuildFile; fileRef = 76D4A050F7144FB6AE624600 /* FontAwesome5_Brands.ttf */; };
		AF4C5AB47FE34A9BA70803BF /* FontAwesome5_Regular.ttf in Resources */ = {isa = PBXBuildFile; fileRef = 75563EF8685D4AF387E67871 /* FontAwesome5_Regular.ttf */; };
		73DC322713F74369A0A936BD /* FontAwesome5_Solid.ttf in Resources */ = {isa = PBXBuildFile; fileRef = 4231D7C0C753460D8E1BF565 /* FontAwesome5_Solid.ttf */; };
		A2B802E6768B4CA99D2EE7CA /* Fontisto.ttf in Resources */ = {isa = PBXBuildFile; fileRef = 55F05B64DA7B4C249AD13D7E /* Fontisto.ttf */; };
		1130B0707A154626834935A4 /* Foundation.ttf in Resources */ = {isa = PBXBuildFile; fileRef = BD76781F18454AC9B8BE34F2 /* Foundation.ttf */; };
		E31D6CF2BDD5410DBB60DD68 /* Ionicons.ttf in Resources */ = {isa = PBXBuildFile; fileRef = 5BFBD11F242045E3BC9DB578 /* Ionicons.ttf */; };
		BE1173F8B5E9466B914908CA /* MaterialCommunityIcons.ttf in Resources */ = {isa = PBXBuildFile; fileRef = 6F7F5552A57E4465AEA0E4BB /* MaterialCommunityIcons.ttf */; };
		F3C5B100F17148158C8E70AF /* MaterialIcons.ttf in Resources */ = {isa = PBXBuildFile; fileRef = 1F3ED5FECAA94C7CBBA2549F /* MaterialIcons.ttf */; };
		0C1A727B11DC45D8A2E9C618 /* Octicons.ttf in Resources */ = {isa = PBXBuildFile; fileRef = F82D6F9E873A4561A496A5C9 /* Octicons.ttf */; };
		C1136101AE8849D49E69A8AC /* SimpleLineIcons.ttf in Resources */ = {isa = PBXBuildFile; fileRef = 57A46172FA124B34845CB16B /* SimpleLineIcons.ttf */; };
		4380DB3F1691472CB34F0912 /* Zocial.ttf in Resources */ = {isa = PBXBuildFile; fileRef = 366E361D93FD414EB8C779E6 /* Zocial.ttf */; };
/* End PBXBuildFile section */

/* Begin PBXFileReference section */
		008F07F21AC5B25A0029DE68 /* main.jsbundle */ = {isa = PBXFileReference; fileEncoding = 4; lastKnownFileType = text; path = main.jsbundle; sourceTree = "<group>"; };
		13B07F961A680F5B00A75B9A /* KahvemTrakAgain.app */ = {isa = PBXFileReference; explicitFileType = wrapper.application; includeInIndex = 0; path = KahvemTrakAgain.app; sourceTree = BUILT_PRODUCTS_DIR; };
		13B07FAF1A68108700A75B9A /* AppDelegate.h */ = {isa = PBXFileReference; fileEncoding = 4; lastKnownFileType = sourcecode.c.h; name = AppDelegate.h; path = KahvemTrakAgain/AppDelegate.h; sourceTree = "<group>"; };
		13B07FB01A68108700A75B9A /* AppDelegate.m */ = {isa = PBXFileReference; fileEncoding = 4; lastKnownFileType = sourcecode.c.objc; name = AppDelegate.m; path = KahvemTrakAgain/AppDelegate.m; sourceTree = "<group>"; };
		13B07FB21A68108700A75B9A /* Base */ = {isa = PBXFileReference; lastKnownFileType = file.xib; name = Base; path = Base.lproj/LaunchScreen.xib; sourceTree = "<group>"; };
		13B07FB51A68108700A75B9A /* Images.xcassets */ = {isa = PBXFileReference; lastKnownFileType = folder.assetcatalog; name = Images.xcassets; path = KahvemTrakAgain/Images.xcassets; sourceTree = "<group>"; };
		13B07FB61A68108700A75B9A /* Info.plist */ = {isa = PBXFileReference; fileEncoding = 4; lastKnownFileType = text.plist.xml; name = Info.plist; path = KahvemTrakAgain/Info.plist; sourceTree = "<group>"; };
		13B07FB71A68108700A75B9A /* main.m */ = {isa = PBXFileReference; fileEncoding = 4; lastKnownFileType = sourcecode.c.objc; name = main.m; path = KahvemTrakAgain/main.m; sourceTree = "<group>"; };
		58EEBF8E8E6FB1BC6CAF49B5 /* libPods-KahvemTrakAgain.a */ = {isa = PBXFileReference; explicitFileType = archive.ar; includeInIndex = 0; path = "libPods-KahvemTrakAgain.a"; sourceTree = BUILT_PRODUCTS_DIR; };
		6C2E3173556A471DD304B334 /* Pods-KahvemTrakAgain.debug.xcconfig */ = {isa = PBXFileReference; includeInIndex = 1; lastKnownFileType = text.xcconfig; name = "Pods-KahvemTrakAgain.debug.xcconfig"; path = "Target Support Files/Pods-KahvemTrakAgain/Pods-KahvemTrakAgain.debug.xcconfig"; sourceTree = "<group>"; };
		7A4D352CD337FB3A3BF06240 /* Pods-KahvemTrakAgain.release.xcconfig */ = {isa = PBXFileReference; includeInIndex = 1; lastKnownFileType = text.xcconfig; name = "Pods-KahvemTrakAgain.release.xcconfig"; path = "Target Support Files/Pods-KahvemTrakAgain/Pods-KahvemTrakAgain.release.xcconfig"; sourceTree = "<group>"; };
		AA286B85B6C04FC6940260E9 /* SplashScreen.storyboard */ = {isa = PBXFileReference; fileEncoding = 4; lastKnownFileType = file.storyboard; name = SplashScreen.storyboard; path = KahvemTrakAgain/SplashScreen.storyboard; sourceTree = "<group>"; };
		BB2F792C24A3F905000567C9 /* Expo.plist */ = {isa = PBXFileReference; fileEncoding = 4; lastKnownFileType = text.plist.xml; path = Expo.plist; sourceTree = "<group>"; };
		ED297162215061F000B7C4FE /* JavaScriptCore.framework */ = {isa = PBXFileReference; lastKnownFileType = wrapper.framework; name = JavaScriptCore.framework; path = System/Library/Frameworks/JavaScriptCore.framework; sourceTree = SDKROOT; };
		ED2971642150620600B7C4FE /* JavaScriptCore.framework */ = {isa = PBXFileReference; lastKnownFileType = wrapper.framework; name = JavaScriptCore.framework; path = Platforms/AppleTVOS.platform/Developer/SDKs/AppleTVOS12.0.sdk/System/Library/Frameworks/JavaScriptCore.framework; sourceTree = DEVELOPER_DIR; };
		D9D3915ABCF14A04919831AB /* AdventPro-Bold.ttf */ = {isa = PBXFileReference; name = "AdventPro-Bold.ttf"; path = "../assets/fonts/AdventPro-Bold.ttf"; sourceTree = "<group>"; fileEncoding = undefined; lastKnownFileType = unknown; explicitFileType = undefined; includeInIndex = 0; };
		D62BBCB903834B18880D58B3 /* AdventPro-ExtraLight.ttf */ = {isa = PBXFileReference; name = "AdventPro-ExtraLight.ttf"; path = "../assets/fonts/AdventPro-ExtraLight.ttf"; sourceTree = "<group>"; fileEncoding = undefined; lastKnownFileType = unknown; explicitFileType = undefined; includeInIndex = 0; };
		22FB2465751147E68269DF27 /* AdventPro-Light.ttf */ = {isa = PBXFileReference; name = "AdventPro-Light.ttf"; path = "../assets/fonts/AdventPro-Light.ttf"; sourceTree = "<group>"; fileEncoding = undefined; lastKnownFileType = unknown; explicitFileType = undefined; includeInIndex = 0; };
		82C23C4BF8C44E63B683B314 /* AdventPro-Medium.ttf */ = {isa = PBXFileReference; name = "AdventPro-Medium.ttf"; path = "../assets/fonts/AdventPro-Medium.ttf"; sourceTree = "<group>"; fileEncoding = undefined; lastKnownFileType = unknown; explicitFileType = undefined; includeInIndex = 0; };
		BD5454DAF44F4F4AAFA97774 /* AdventPro-Regular.ttf */ = {isa = PBXFileReference; name = "AdventPro-Regular.ttf"; path = "../assets/fonts/AdventPro-Regular.ttf"; sourceTree = "<group>"; fileEncoding = undefined; lastKnownFileType = unknown; explicitFileType = undefined; includeInIndex = 0; };
		B7F4E08389BB4A5DAA2530C2 /* AdventPro-SemiBold.ttf */ = {isa = PBXFileReference; name = "AdventPro-SemiBold.ttf"; path = "../assets/fonts/AdventPro-SemiBold.ttf"; sourceTree = "<group>"; fileEncoding = undefined; lastKnownFileType = unknown; explicitFileType = undefined; includeInIndex = 0; };
		20CF9A7CDC61483E90A612C5 /* AdventPro-Thin.ttf */ = {isa = PBXFileReference; name = "AdventPro-Thin.ttf"; path = "../assets/fonts/AdventPro-Thin.ttf"; sourceTree = "<group>"; fileEncoding = undefined; lastKnownFileType = unknown; explicitFileType = undefined; includeInIndex = 0; };
		92DFC1CDFCE948E990E27C26 /* AntDesign.ttf */ = {isa = PBXFileReference; name = "AntDesign.ttf"; path = "../assets/fonts/AntDesign.ttf"; sourceTree = "<group>"; fileEncoding = undefined; lastKnownFileType = unknown; explicitFileType = undefined; includeInIndex = 0; };
		D85375DF0FDE416C99B354B5 /* Entypo.ttf */ = {isa = PBXFileReference; name = "Entypo.ttf"; path = "../assets/fonts/Entypo.ttf"; sourceTree = "<group>"; fileEncoding = undefined; lastKnownFileType = unknown; explicitFileType = undefined; includeInIndex = 0; };
		82DAF06B18BF473B9DA952AE /* EvilIcons.ttf */ = {isa = PBXFileReference; name = "EvilIcons.ttf"; path = "../assets/fonts/EvilIcons.ttf"; sourceTree = "<group>"; fileEncoding = undefined; lastKnownFileType = unknown; explicitFileType = undefined; includeInIndex = 0; };
		09A38BFE38D34CF88959D0AB /* Feather.ttf */ = {isa = PBXFileReference; name = "Feather.ttf"; path = "../assets/fonts/Feather.ttf"; sourceTree = "<group>"; fileEncoding = undefined; lastKnownFileType = unknown; explicitFileType = undefined; includeInIndex = 0; };
		AF495CF2E97A4D4A9716CEE2 /* FontAwesome.ttf */ = {isa = PBXFileReference; name = "FontAwesome.ttf"; path = "../assets/fonts/FontAwesome.ttf"; sourceTree = "<group>"; fileEncoding = undefined; lastKnownFileType = unknown; explicitFileType = undefined; includeInIndex = 0; };
		A139E21E77754F04A3672CF3 /* FontAwesome5_Brands.ttf */ = {isa = PBXFileReference; name = "FontAwesome5_Brands.ttf"; path = "../assets/fonts/FontAwesome5_Brands.ttf"; sourceTree = "<group>"; fileEncoding = undefined; lastKnownFileType = unknown; explicitFileType = undefined; includeInIndex = 0; };
		6E2E730C37204DD2BF87DFE7 /* FontAwesome5_Regular.ttf */ = {isa = PBXFileReference; name = "FontAwesome5_Regular.ttf"; path = "../assets/fonts/FontAwesome5_Regular.ttf"; sourceTree = "<group>"; fileEncoding = undefined; lastKnownFileType = unknown; explicitFileType = undefined; includeInIndex = 0; };
		489411AA0DFA41BFA37400D0 /* FontAwesome5_Solid.ttf */ = {isa = PBXFileReference; name = "FontAwesome5_Solid.ttf"; path = "../assets/fonts/FontAwesome5_Solid.ttf"; sourceTree = "<group>"; fileEncoding = undefined; lastKnownFileType = unknown; explicitFileType = undefined; includeInIndex = 0; };
		31209132D876483293912408 /* Fontisto.ttf */ = {isa = PBXFileReference; name = "Fontisto.ttf"; path = "../assets/fonts/Fontisto.ttf"; sourceTree = "<group>"; fileEncoding = undefined; lastKnownFileType = unknown; explicitFileType = undefined; includeInIndex = 0; };
		2267C2C0285641F99611E86C /* Foundation.ttf */ = {isa = PBXFileReference; name = "Foundation.ttf"; path = "../assets/fonts/Foundation.ttf"; sourceTree = "<group>"; fileEncoding = undefined; lastKnownFileType = unknown; explicitFileType = undefined; includeInIndex = 0; };
		362064C954664A1381010C09 /* Ionicons.ttf */ = {isa = PBXFileReference; name = "Ionicons.ttf"; path = "../assets/fonts/Ionicons.ttf"; sourceTree = "<group>"; fileEncoding = undefined; lastKnownFileType = unknown; explicitFileType = undefined; includeInIndex = 0; };
		FA272436590D4938BE69B03C /* MaterialCommunityIcons.ttf */ = {isa = PBXFileReference; name = "MaterialCommunityIcons.ttf"; path = "../assets/fonts/MaterialCommunityIcons.ttf"; sourceTree = "<group>"; fileEncoding = undefined; lastKnownFileType = unknown; explicitFileType = undefined; includeInIndex = 0; };
		017F2CC8983947FFB522C703 /* MaterialIcons.ttf */ = {isa = PBXFileReference; name = "MaterialIcons.ttf"; path = "../assets/fonts/MaterialIcons.ttf"; sourceTree = "<group>"; fileEncoding = undefined; lastKnownFileType = unknown; explicitFileType = undefined; includeInIndex = 0; };
		5CE6FDD903E2460382CC247F /* Octicons.ttf */ = {isa = PBXFileReference; name = "Octicons.ttf"; path = "../assets/fonts/Octicons.ttf"; sourceTree = "<group>"; fileEncoding = undefined; lastKnownFileType = unknown; explicitFileType = undefined; includeInIndex = 0; };
		3AA184A4217C40A88BE39088 /* SimpleLineIcons.ttf */ = {isa = PBXFileReference; name = "SimpleLineIcons.ttf"; path = "../assets/fonts/SimpleLineIcons.ttf"; sourceTree = "<group>"; fileEncoding = undefined; lastKnownFileType = unknown; explicitFileType = undefined; includeInIndex = 0; };
		119BF98584ED45DF9B67B744 /* Zocial.ttf */ = {isa = PBXFileReference; name = "Zocial.ttf"; path = "../assets/fonts/Zocial.ttf"; sourceTree = "<group>"; fileEncoding = undefined; lastKnownFileType = unknown; explicitFileType = undefined; includeInIndex = 0; };
		ADF17E46F0E44D32BC5F974C /* AntDesign.ttf */ = {isa = PBXFileReference; name = "AntDesign.ttf"; path = "../node_modules/react-native-vector-icons/Fonts/AntDesign.ttf"; sourceTree = "<group>"; fileEncoding = undefined; lastKnownFileType = unknown; explicitFileType = undefined; includeInIndex = 0; };
		6F456D0684F448DFA5170AAA /* Entypo.ttf */ = {isa = PBXFileReference; name = "Entypo.ttf"; path = "../node_modules/react-native-vector-icons/Fonts/Entypo.ttf"; sourceTree = "<group>"; fileEncoding = undefined; lastKnownFileType = unknown; explicitFileType = undefined; includeInIndex = 0; };
		3D2B00B9DC134F22A7DC6FF4 /* EvilIcons.ttf */ = {isa = PBXFileReference; name = "EvilIcons.ttf"; path = "../node_modules/react-native-vector-icons/Fonts/EvilIcons.ttf"; sourceTree = "<group>"; fileEncoding = undefined; lastKnownFileType = unknown; explicitFileType = undefined; includeInIndex = 0; };
		CDE74038ABF94841ACAC3C43 /* Feather.ttf */ = {isa = PBXFileReference; name = "Feather.ttf"; path = "../node_modules/react-native-vector-icons/Fonts/Feather.ttf"; sourceTree = "<group>"; fileEncoding = undefined; lastKnownFileType = unknown; explicitFileType = undefined; includeInIndex = 0; };
		9BF2BA027AED4F799E04B871 /* FontAwesome.ttf */ = {isa = PBXFileReference; name = "FontAwesome.ttf"; path = "../node_modules/react-native-vector-icons/Fonts/FontAwesome.ttf"; sourceTree = "<group>"; fileEncoding = undefined; lastKnownFileType = unknown; explicitFileType = undefined; includeInIndex = 0; };
		76D4A050F7144FB6AE624600 /* FontAwesome5_Brands.ttf */ = {isa = PBXFileReference; name = "FontAwesome5_Brands.ttf"; path = "../node_modules/react-native-vector-icons/Fonts/FontAwesome5_Brands.ttf"; sourceTree = "<group>"; fileEncoding = undefined; lastKnownFileType = unknown; explicitFileType = undefined; includeInIndex = 0; };
		75563EF8685D4AF387E67871 /* FontAwesome5_Regular.ttf */ = {isa = PBXFileReference; name = "FontAwesome5_Regular.ttf"; path = "../node_modules/react-native-vector-icons/Fonts/FontAwesome5_Regular.ttf"; sourceTree = "<group>"; fileEncoding = undefined; lastKnownFileType = unknown; explicitFileType = undefined; includeInIndex = 0; };
		4231D7C0C753460D8E1BF565 /* FontAwesome5_Solid.ttf */ = {isa = PBXFileReference; name = "FontAwesome5_Solid.ttf"; path = "../node_modules/react-native-vector-icons/Fonts/FontAwesome5_Solid.ttf"; sourceTree = "<group>"; fileEncoding = undefined; lastKnownFileType = unknown; explicitFileType = undefined; includeInIndex = 0; };
		55F05B64DA7B4C249AD13D7E /* Fontisto.ttf */ = {isa = PBXFileReference; name = "Fontisto.ttf"; path = "../node_modules/react-native-vector-icons/Fonts/Fontisto.ttf"; sourceTree = "<group>"; fileEncoding = undefined; lastKnownFileType = unknown; explicitFileType = undefined; includeInIndex = 0; };
		BD76781F18454AC9B8BE34F2 /* Foundation.ttf */ = {isa = PBXFileReference; name = "Foundation.ttf"; path = "../node_modules/react-native-vector-icons/Fonts/Foundation.ttf"; sourceTree = "<group>"; fileEncoding = undefined; lastKnownFileType = unknown; explicitFileType = undefined; includeInIndex = 0; };
		5BFBD11F242045E3BC9DB578 /* Ionicons.ttf */ = {isa = PBXFileReference; name = "Ionicons.ttf"; path = "../node_modules/react-native-vector-icons/Fonts/Ionicons.ttf"; sourceTree = "<group>"; fileEncoding = undefined; lastKnownFileType = unknown; explicitFileType = undefined; includeInIndex = 0; };
		6F7F5552A57E4465AEA0E4BB /* MaterialCommunityIcons.ttf */ = {isa = PBXFileReference; name = "MaterialCommunityIcons.ttf"; path = "../node_modules/react-native-vector-icons/Fonts/MaterialCommunityIcons.ttf"; sourceTree = "<group>"; fileEncoding = undefined; lastKnownFileType = unknown; explicitFileType = undefined; includeInIndex = 0; };
		1F3ED5FECAA94C7CBBA2549F /* MaterialIcons.ttf */ = {isa = PBXFileReference; name = "MaterialIcons.ttf"; path = "../node_modules/react-native-vector-icons/Fonts/MaterialIcons.ttf"; sourceTree = "<group>"; fileEncoding = undefined; lastKnownFileType = unknown; explicitFileType = undefined; includeInIndex = 0; };
		F82D6F9E873A4561A496A5C9 /* Octicons.ttf */ = {isa = PBXFileReference; name = "Octicons.ttf"; path = "../node_modules/react-native-vector-icons/Fonts/Octicons.ttf"; sourceTree = "<group>"; fileEncoding = undefined; lastKnownFileType = unknown; explicitFileType = undefined; includeInIndex = 0; };
		57A46172FA124B34845CB16B /* SimpleLineIcons.ttf */ = {isa = PBXFileReference; name = "SimpleLineIcons.ttf"; path = "../node_modules/react-native-vector-icons/Fonts/SimpleLineIcons.ttf"; sourceTree = "<group>"; fileEncoding = undefined; lastKnownFileType = unknown; explicitFileType = undefined; includeInIndex = 0; };
		366E361D93FD414EB8C779E6 /* Zocial.ttf */ = {isa = PBXFileReference; name = "Zocial.ttf"; path = "../node_modules/react-native-vector-icons/Fonts/Zocial.ttf"; sourceTree = "<group>"; fileEncoding = undefined; lastKnownFileType = unknown; explicitFileType = undefined; includeInIndex = 0; };
/* End PBXFileReference section */

/* Begin PBXFrameworksBuildPhase section */
		13B07F8C1A680F5B00A75B9A /* Frameworks */ = {
			isa = PBXFrameworksBuildPhase;
			buildActionMask = 2147483647;
			files = (
				96905EF65AED1B983A6B3ABC /* libPods-KahvemTrakAgain.a in Frameworks */,
			);
			runOnlyForDeploymentPostprocessing = 0;
		};
/* End PBXFrameworksBuildPhase section */

/* Begin PBXGroup section */
		13B07FAE1A68108700A75B9A /* KahvemTrakAgain */ = {
			isa = PBXGroup;
			children = (
				BB2F792B24A3F905000567C9 /* Supporting */,
				008F07F21AC5B25A0029DE68 /* main.jsbundle */,
				13B07FAF1A68108700A75B9A /* AppDelegate.h */,
				13B07FB01A68108700A75B9A /* AppDelegate.m */,
				13B07FB51A68108700A75B9A /* Images.xcassets */,
				13B07FB61A68108700A75B9A /* Info.plist */,
				13B07FB11A68108700A75B9A /* LaunchScreen.xib */,
				13B07FB71A68108700A75B9A /* main.m */,
				AA286B85B6C04FC6940260E9 /* SplashScreen.storyboard */,
			);
			name = KahvemTrakAgain;
			sourceTree = "<group>";
		};
		2D16E6871FA4F8E400B85C8A /* Frameworks */ = {
			isa = PBXGroup;
			children = (
				ED297162215061F000B7C4FE /* JavaScriptCore.framework */,
				ED2971642150620600B7C4FE /* JavaScriptCore.framework */,
				58EEBF8E8E6FB1BC6CAF49B5 /* libPods-KahvemTrakAgain.a */,
			);
			name = Frameworks;
			sourceTree = "<group>";
		};
		832341AE1AAA6A7D00B99B32 /* Libraries */ = {
			isa = PBXGroup;
			children = (
			);
			name = Libraries;
			sourceTree = "<group>";
		};
		83CBB9F61A601CBA00E9B192 = {
			isa = PBXGroup;
			children = (
				13B07FAE1A68108700A75B9A /* KahvemTrakAgain */,
				832341AE1AAA6A7D00B99B32 /* Libraries */,
				83CBBA001A601CBA00E9B192 /* Products */,
				2D16E6871FA4F8E400B85C8A /* Frameworks */,
				D65327D7A22EEC0BE12398D9 /* Pods */,
				BA8FDEE716C4468094FDD82A /* Resources */,
			);
			indentWidth = 2;
			sourceTree = "<group>";
			tabWidth = 2;
			usesTabs = 0;
		};
		83CBBA001A601CBA00E9B192 /* Products */ = {
			isa = PBXGroup;
			children = (
				13B07F961A680F5B00A75B9A /* KahvemTrakAgain.app */,
			);
			name = Products;
			sourceTree = "<group>";
		};
		BB2F792B24A3F905000567C9 /* Supporting */ = {
			isa = PBXGroup;
			children = (
				BB2F792C24A3F905000567C9 /* Expo.plist */,
			);
			name = Supporting;
			path = KahvemTrakAgain/Supporting;
			sourceTree = "<group>";
		};
		D65327D7A22EEC0BE12398D9 /* Pods */ = {
			isa = PBXGroup;
			children = (
				6C2E3173556A471DD304B334 /* Pods-KahvemTrakAgain.debug.xcconfig */,
				7A4D352CD337FB3A3BF06240 /* Pods-KahvemTrakAgain.release.xcconfig */,
			);
			path = Pods;
			sourceTree = "<group>";
		};
		BA8FDEE716C4468094FDD82A /* Resources */ = {
			isa = "PBXGroup";
			children = (
				D9D3915ABCF14A04919831AB /* AdventPro-Bold.ttf */,
				D62BBCB903834B18880D58B3 /* AdventPro-ExtraLight.ttf */,
				22FB2465751147E68269DF27 /* AdventPro-Light.ttf */,
				82C23C4BF8C44E63B683B314 /* AdventPro-Medium.ttf */,
				BD5454DAF44F4F4AAFA97774 /* AdventPro-Regular.ttf */,
				B7F4E08389BB4A5DAA2530C2 /* AdventPro-SemiBold.ttf */,
				20CF9A7CDC61483E90A612C5 /* AdventPro-Thin.ttf */,
				92DFC1CDFCE948E990E27C26 /* AntDesign.ttf */,
				D85375DF0FDE416C99B354B5 /* Entypo.ttf */,
				82DAF06B18BF473B9DA952AE /* EvilIcons.ttf */,
				09A38BFE38D34CF88959D0AB /* Feather.ttf */,
				AF495CF2E97A4D4A9716CEE2 /* FontAwesome.ttf */,
				A139E21E77754F04A3672CF3 /* FontAwesome5_Brands.ttf */,
				6E2E730C37204DD2BF87DFE7 /* FontAwesome5_Regular.ttf */,
				489411AA0DFA41BFA37400D0 /* FontAwesome5_Solid.ttf */,
				31209132D876483293912408 /* Fontisto.ttf */,
				2267C2C0285641F99611E86C /* Foundation.ttf */,
				362064C954664A1381010C09 /* Ionicons.ttf */,
				FA272436590D4938BE69B03C /* MaterialCommunityIcons.ttf */,
				017F2CC8983947FFB522C703 /* MaterialIcons.ttf */,
				5CE6FDD903E2460382CC247F /* Octicons.ttf */,
				3AA184A4217C40A88BE39088 /* SimpleLineIcons.ttf */,
				119BF98584ED45DF9B67B744 /* Zocial.ttf */,
				ADF17E46F0E44D32BC5F974C /* AntDesign.ttf */,
				6F456D0684F448DFA5170AAA /* Entypo.ttf */,
				3D2B00B9DC134F22A7DC6FF4 /* EvilIcons.ttf */,
				CDE74038ABF94841ACAC3C43 /* Feather.ttf */,
				9BF2BA027AED4F799E04B871 /* FontAwesome.ttf */,
				76D4A050F7144FB6AE624600 /* FontAwesome5_Brands.ttf */,
				75563EF8685D4AF387E67871 /* FontAwesome5_Regular.ttf */,
				4231D7C0C753460D8E1BF565 /* FontAwesome5_Solid.ttf */,
				55F05B64DA7B4C249AD13D7E /* Fontisto.ttf */,
				BD76781F18454AC9B8BE34F2 /* Foundation.ttf */,
				5BFBD11F242045E3BC9DB578 /* Ionicons.ttf */,
				6F7F5552A57E4465AEA0E4BB /* MaterialCommunityIcons.ttf */,
				1F3ED5FECAA94C7CBBA2549F /* MaterialIcons.ttf */,
				F82D6F9E873A4561A496A5C9 /* Octicons.ttf */,
				57A46172FA124B34845CB16B /* SimpleLineIcons.ttf */,
				366E361D93FD414EB8C779E6 /* Zocial.ttf */,
			);
			name = Resources;
			sourceTree = "<group>";
			path = "";
		};
/* End PBXGroup section */

/* Begin PBXNativeTarget section */
		13B07F861A680F5B00A75B9A /* KahvemTrakAgain */ = {
			isa = PBXNativeTarget;
			buildConfigurationList = 13B07F931A680F5B00A75B9A /* Build configuration list for PBXNativeTarget "KahvemTrakAgain" */;
			buildPhases = (
				08A4A3CD28434E44B6B9DE2E /* [CP] Check Pods Manifest.lock */,
				FD10A7F022414F080027D42C /* Start Packager */,
				13B07F871A680F5B00A75B9A /* Sources */,
				13B07F8C1A680F5B00A75B9A /* Frameworks */,
				13B07F8E1A680F5B00A75B9A /* Resources */,
				00DD1BFF1BD5951E006B06BC /* Bundle React Native code and images */,
				800E24972A6A228C8D4807E9 /* [CP] Copy Pods Resources */,
			);
			buildRules = (
			);
			dependencies = (
			);
			name = KahvemTrakAgain;
			productName = KahvemTrakAgain;
			productReference = 13B07F961A680F5B00A75B9A /* KahvemTrakAgain.app */;
			productType = "com.apple.product-type.application";
		};
/* End PBXNativeTarget section */

/* Begin PBXProject section */
		83CBB9F71A601CBA00E9B192 /* Project object */ = {
			isa = PBXProject;
			attributes = {
				LastUpgradeCheck = 1130;
				TargetAttributes = {
					13B07F861A680F5B00A75B9A = {
						LastSwiftMigration = 1120;
					};
				};
			};
			buildConfigurationList = 83CBB9FA1A601CBA00E9B192 /* Build configuration list for PBXProject "KahvemTrakAgain" */;
			compatibilityVersion = "Xcode 3.2";
			developmentRegion = en;
			hasScannedForEncodings = 0;
			knownRegions = (
				en,
				Base,
			);
			mainGroup = 83CBB9F61A601CBA00E9B192;
			productRefGroup = 83CBBA001A601CBA00E9B192 /* Products */;
			projectDirPath = "";
			projectRoot = "";
			targets = (
				13B07F861A680F5B00A75B9A /* KahvemTrakAgain */,
			);
		};
/* End PBXProject section */

/* Begin PBXResourcesBuildPhase section */
		13B07F8E1A680F5B00A75B9A /* Resources */ = {
			isa = PBXResourcesBuildPhase;
			buildActionMask = 2147483647;
			files = (
				BB2F792D24A3F905000567C9 /* Expo.plist in Resources */,
				13B07FBF1A68108700A75B9A /* Images.xcassets in Resources */,
				13B07FBD1A68108700A75B9A /* LaunchScreen.xib in Resources */,
				3E461D99554A48A4959DE609 /* SplashScreen.storyboard in Resources */,
				F7196D3C2E07485290B46606 /* AdventPro-Bold.ttf in Resources */,
				2FB34254A4FE4608A5E4993A /* AdventPro-ExtraLight.ttf in Resources */,
				18980A8DC1824634A8CE2174 /* AdventPro-Light.ttf in Resources */,
				F6EDD260924E4BD284AAA372 /* AdventPro-Medium.ttf in Resources */,
				16E3CB2AEBB04D56A177A308 /* AdventPro-Regular.ttf in Resources */,
				EDC25763457D41C29650C56C /* AdventPro-SemiBold.ttf in Resources */,
				1631BC8F8D6341DE823EEBCC /* AdventPro-Thin.ttf in Resources */,
				9CA6694B2F884A81A2F04AAE /* AntDesign.ttf in Resources */,
				2581DA49950D4FB1A65F8C23 /* Entypo.ttf in Resources */,
				A6975151F14647C08C7C15F0 /* EvilIcons.ttf in Resources */,
				1D77478E68714FA29F8BE533 /* Feather.ttf in Resources */,
				0FB115A887814B4BAE776711 /* FontAwesome.ttf in Resources */,
				7D8B811231424BF5A8ED275E /* FontAwesome5_Brands.ttf in Resources */,
				E60410937D5B4ED7B6C8ECCC /* FontAwesome5_Regular.ttf in Resources */,
				65FBC3315E604528915DC2F0 /* FontAwesome5_Solid.ttf in Resources */,
				CB36197E82EB40EF81D7DE76 /* Fontisto.ttf in Resources */,
				12ADB5DF91274152B17356A2 /* Foundation.ttf in Resources */,
				49A317098FC643C3AEE6D29F /* Ionicons.ttf in Resources */,
				E7BF42DD499F4897B5CC62BB /* MaterialCommunityIcons.ttf in Resources */,
				ADF80C3636284B28B7A15EFD /* MaterialIcons.ttf in Resources */,
				92C2DC2E37884EAFBCF03456 /* Octicons.ttf in Resources */,
				0198BF96B12B41BA8BC216BA /* SimpleLineIcons.ttf in Resources */,
				95252E9200CB4D08BA551489 /* Zocial.ttf in Resources */,
				68ADD2BC877A47AA8BE348E0 /* AntDesign.ttf in Resources */,
				B86C2AFC21094AA4A4541E83 /* Entypo.ttf in Resources */,
				558EC03DF94A44BEB31FDEA8 /* EvilIcons.ttf in Resources */,
				500A946DA0284FA6A1B69DAB /* Feather.ttf in Resources */,
				B25271B2359B4178995D5C5B /* FontAwesome.ttf in Resources */,
				973505105157455B9E1A43BE /* FontAwesome5_Brands.ttf in Resources */,
				AF4C5AB47FE34A9BA70803BF /* FontAwesome5_Regular.ttf in Resources */,
				73DC322713F74369A0A936BD /* FontAwesome5_Solid.ttf in Resources */,
				A2B802E6768B4CA99D2EE7CA /* Fontisto.ttf in Resources */,
				1130B0707A154626834935A4 /* Foundation.ttf in Resources */,
				E31D6CF2BDD5410DBB60DD68 /* Ionicons.ttf in Resources */,
				BE1173F8B5E9466B914908CA /* MaterialCommunityIcons.ttf in Resources */,
				F3C5B100F17148158C8E70AF /* MaterialIcons.ttf in Resources */,
				0C1A727B11DC45D8A2E9C618 /* Octicons.ttf in Resources */,
				C1136101AE8849D49E69A8AC /* SimpleLineIcons.ttf in Resources */,
				4380DB3F1691472CB34F0912 /* Zocial.ttf in Resources */,
			);
			runOnlyForDeploymentPostprocessing = 0;
		};
/* End PBXResourcesBuildPhase section */

/* Begin PBXShellScriptBuildPhase section */
		00DD1BFF1BD5951E006B06BC /* Bundle React Native code and images */ = {
			isa = PBXShellScriptBuildPhase;
			buildActionMask = 2147483647;
			files = (
			);
			inputPaths = (
			);
			name = "Bundle React Native code and images";
			outputPaths = (
			);
			runOnlyForDeploymentPostprocessing = 0;
			shellPath = /bin/sh;
			shellScript = "export NODE_BINARY=node\n../node_modules/react-native/scripts/react-native-xcode.sh\n../node_modules/expo-updates/scripts/create-manifest-ios.sh\n";
		};
		08A4A3CD28434E44B6B9DE2E /* [CP] Check Pods Manifest.lock */ = {
			isa = PBXShellScriptBuildPhase;
			buildActionMask = 2147483647;
			files = (
			);
			inputFileListPaths = (
			);
			inputPaths = (
				"${PODS_PODFILE_DIR_PATH}/Podfile.lock",
				"${PODS_ROOT}/Manifest.lock",
			);
			name = "[CP] Check Pods Manifest.lock";
			outputFileListPaths = (
			);
			outputPaths = (
				"$(DERIVED_FILE_DIR)/Pods-KahvemTrakAgain-checkManifestLockResult.txt",
			);
			runOnlyForDeploymentPostprocessing = 0;
			shellPath = /bin/sh;
			shellScript = "diff \"${PODS_PODFILE_DIR_PATH}/Podfile.lock\" \"${PODS_ROOT}/Manifest.lock\" > /dev/null\nif [ $? != 0 ] ; then\n    # print error to STDERR\n    echo \"error: The sandbox is not in sync with the Podfile.lock. Run 'pod install' or update your CocoaPods installation.\" >&2\n    exit 1\nfi\n# This output is used by Xcode 'outputs' to avoid re-running this script phase.\necho \"SUCCESS\" > \"${SCRIPT_OUTPUT_FILE_0}\"\n";
			showEnvVarsInLog = 0;
		};
		800E24972A6A228C8D4807E9 /* [CP] Copy Pods Resources */ = {
			isa = PBXShellScriptBuildPhase;
			buildActionMask = 2147483647;
			files = (
			);
			inputPaths = (
				"${PODS_ROOT}/Target Support Files/Pods-KahvemTrakAgain/Pods-KahvemTrakAgain-resources.sh",
				"${PODS_CONFIGURATION_BUILD_DIR}/React-Core/AccessibilityResources.bundle",
			);
			name = "[CP] Copy Pods Resources";
			outputPaths = (
				"${TARGET_BUILD_DIR}/${UNLOCALIZED_RESOURCES_FOLDER_PATH}/AccessibilityResources.bundle",
			);
			runOnlyForDeploymentPostprocessing = 0;
			shellPath = /bin/sh;
			shellScript = "\"${PODS_ROOT}/Target Support Files/Pods-KahvemTrakAgain/Pods-KahvemTrakAgain-resources.sh\"\n";
			showEnvVarsInLog = 0;
		};
		FD10A7F022414F080027D42C /* Start Packager */ = {
			isa = PBXShellScriptBuildPhase;
			buildActionMask = 2147483647;
			files = (
			);
			inputFileListPaths = (
			);
			inputPaths = (
			);
			name = "Start Packager";
			outputFileListPaths = (
			);
			outputPaths = (
			);
			runOnlyForDeploymentPostprocessing = 0;
			shellPath = /bin/sh;
			shellScript = "export RCT_METRO_PORT=\"${RCT_METRO_PORT:=8081}\"\necho \"export RCT_METRO_PORT=${RCT_METRO_PORT}\" > \"${SRCROOT}/../node_modules/react-native/scripts/.packager.env\"\nif [ -z \"${RCT_NO_LAUNCH_PACKAGER+xxx}\" ] ; then\n  if nc -w 5 -z localhost ${RCT_METRO_PORT} ; then\n    if ! curl -s \"http://localhost:${RCT_METRO_PORT}/status\" | grep -q \"packager-status:running\" ; then\n      echo \"Port ${RCT_METRO_PORT} already in use, packager is either not running or not running correctly\"\n      exit 2\n    fi\n  else\n    open \"$SRCROOT/../node_modules/react-native/scripts/launchPackager.command\" || echo \"Can't start packager automatically\"\n  fi\nfi\n";
			showEnvVarsInLog = 0;
		};
/* End PBXShellScriptBuildPhase section */

/* Begin PBXSourcesBuildPhase section */
		13B07F871A680F5B00A75B9A /* Sources */ = {
			isa = PBXSourcesBuildPhase;
			buildActionMask = 2147483647;
			files = (
				13B07FBC1A68108700A75B9A /* AppDelegate.m in Sources */,
				13B07FC11A68108700A75B9A /* main.m in Sources */,
			);
			runOnlyForDeploymentPostprocessing = 0;
		};
/* End PBXSourcesBuildPhase section */

/* Begin PBXVariantGroup section */
		13B07FB11A68108700A75B9A /* LaunchScreen.xib */ = {
			isa = PBXVariantGroup;
			children = (
				13B07FB21A68108700A75B9A /* Base */,
			);
			name = LaunchScreen.xib;
			path = KahvemTrakAgain;
			sourceTree = "<group>";
		};
/* End PBXVariantGroup section */

/* Begin XCBuildConfiguration section */
		13B07F941A680F5B00A75B9A /* Debug */ = {
			isa = XCBuildConfiguration;
			baseConfigurationReference = 6C2E3173556A471DD304B334 /* Pods-KahvemTrakAgain.debug.xcconfig */;
			buildSettings = {
				ASSETCATALOG_COMPILER_APPICON_NAME = AppIcon;
				CLANG_ENABLE_MODULES = YES;
				CURRENT_PROJECT_VERSION = 1;
				ENABLE_BITCODE = NO;
				"EXCLUDED_ARCHS[sdk=iphonesimulator*]" = arm64;
				GCC_PREPROCESSOR_DEFINITIONS = (
					"$(inherited)",
					"FB_SONARKIT_ENABLED=1",
				);
				INFOPLIST_FILE = KahvemTrakAgain/Info.plist;
				IPHONEOS_DEPLOYMENT_TARGET = 10.0;
				LD_RUNPATH_SEARCH_PATHS = "$(inherited) @executable_path/Frameworks";
				OTHER_LDFLAGS = (
					"$(inherited)",
					"-ObjC",
					"-lc++",
				);
				PRODUCT_BUNDLE_IDENTIFIER = org.name.KahvemTrakAgain;
				PRODUCT_NAME = KahvemTrakAgain;
				SWIFT_OPTIMIZATION_LEVEL = "-Onone";
				SWIFT_VERSION = 5.0;
				VERSIONING_SYSTEM = "apple-generic";
			};
			name = Debug;
		};
		13B07F951A680F5B00A75B9A /* Release */ = {
			isa = XCBuildConfiguration;
			baseConfigurationReference = 7A4D352CD337FB3A3BF06240 /* Pods-KahvemTrakAgain.release.xcconfig */;
			buildSettings = {
				ASSETCATALOG_COMPILER_APPICON_NAME = AppIcon;
				CLANG_ENABLE_MODULES = YES;
				CURRENT_PROJECT_VERSION = 1;
				"EXCLUDED_ARCHS[sdk=iphonesimulator*]" = arm64;
				INFOPLIST_FILE = KahvemTrakAgain/Info.plist;
				IPHONEOS_DEPLOYMENT_TARGET = 10.0;
				LD_RUNPATH_SEARCH_PATHS = "$(inherited) @executable_path/Frameworks";
				OTHER_LDFLAGS = (
					"$(inherited)",
					"-ObjC",
					"-lc++",
				);
				PRODUCT_BUNDLE_IDENTIFIER = org.name.KahvemTrakAgain;
				PRODUCT_NAME = KahvemTrakAgain;
				SWIFT_VERSION = 5.0;
				VERSIONING_SYSTEM = "apple-generic";
			};
			name = Release;
		};
		83CBBA201A601CBA00E9B192 /* Debug */ = {
			isa = XCBuildConfiguration;
			buildSettings = {
				ALWAYS_SEARCH_USER_PATHS = NO;
				CLANG_ANALYZER_LOCALIZABILITY_NONLOCALIZED = YES;
				CLANG_CXX_LANGUAGE_STANDARD = "gnu++0x";
				CLANG_CXX_LIBRARY = "libc++";
				CLANG_ENABLE_MODULES = YES;
				CLANG_ENABLE_OBJC_ARC = YES;
				CLANG_WARN_BLOCK_CAPTURE_AUTORELEASING = YES;
				CLANG_WARN_BOOL_CONVERSION = YES;
				CLANG_WARN_COMMA = YES;
				CLANG_WARN_CONSTANT_CONVERSION = YES;
				CLANG_WARN_DEPRECATED_OBJC_IMPLEMENTATIONS = YES;
				CLANG_WARN_DIRECT_OBJC_ISA_USAGE = YES_ERROR;
				CLANG_WARN_EMPTY_BODY = YES;
				CLANG_WARN_ENUM_CONVERSION = YES;
				CLANG_WARN_INFINITE_RECURSION = YES;
				CLANG_WARN_INT_CONVERSION = YES;
				CLANG_WARN_NON_LITERAL_NULL_CONVERSION = YES;
				CLANG_WARN_OBJC_IMPLICIT_RETAIN_SELF = YES;
				CLANG_WARN_OBJC_LITERAL_CONVERSION = YES;
				CLANG_WARN_OBJC_ROOT_CLASS = YES_ERROR;
				CLANG_WARN_RANGE_LOOP_ANALYSIS = YES;
				CLANG_WARN_STRICT_PROTOTYPES = YES;
				CLANG_WARN_SUSPICIOUS_MOVE = YES;
				CLANG_WARN_UNREACHABLE_CODE = YES;
				CLANG_WARN__DUPLICATE_METHOD_MATCH = YES;
				"CODE_SIGN_IDENTITY[sdk=iphoneos*]" = "iPhone Developer";
				COPY_PHASE_STRIP = NO;
				ENABLE_STRICT_OBJC_MSGSEND = YES;
				ENABLE_TESTABILITY = YES;
				GCC_C_LANGUAGE_STANDARD = gnu99;
				GCC_DYNAMIC_NO_PIC = NO;
				GCC_NO_COMMON_BLOCKS = YES;
				GCC_OPTIMIZATION_LEVEL = 0;
				GCC_PREPROCESSOR_DEFINITIONS = (
					"DEBUG=1",
					"$(inherited)",
				);
				GCC_SYMBOLS_PRIVATE_EXTERN = NO;
				GCC_WARN_64_TO_32_BIT_CONVERSION = YES;
				GCC_WARN_ABOUT_RETURN_TYPE = YES_ERROR;
				GCC_WARN_UNDECLARED_SELECTOR = YES;
				GCC_WARN_UNINITIALIZED_AUTOS = YES_AGGRESSIVE;
				GCC_WARN_UNUSED_FUNCTION = YES;
				GCC_WARN_UNUSED_VARIABLE = YES;
				IPHONEOS_DEPLOYMENT_TARGET = 10.0;
				LD_RUNPATH_SEARCH_PATHS = "/usr/lib/swift $(inherited)";
				LIBRARY_SEARCH_PATHS = (
					"\"$(TOOLCHAIN_DIR)/usr/lib/swift/$(PLATFORM_NAME)\"",
					"\"$(TOOLCHAIN_DIR)/usr/lib/swift-5.0/$(PLATFORM_NAME)\"",
					"\"$(inherited)\"",
				);
				MTL_ENABLE_DEBUG_INFO = YES;
				ONLY_ACTIVE_ARCH = YES;
				SDKROOT = iphoneos;
			};
			name = Debug;
		};
		83CBBA211A601CBA00E9B192 /* Release */ = {
			isa = XCBuildConfiguration;
			buildSettings = {
				ALWAYS_SEARCH_USER_PATHS = NO;
				CLANG_ANALYZER_LOCALIZABILITY_NONLOCALIZED = YES;
				CLANG_CXX_LANGUAGE_STANDARD = "gnu++0x";
				CLANG_CXX_LIBRARY = "libc++";
				CLANG_ENABLE_MODULES = YES;
				CLANG_ENABLE_OBJC_ARC = YES;
				CLANG_WARN_BLOCK_CAPTURE_AUTORELEASING = YES;
				CLANG_WARN_BOOL_CONVERSION = YES;
				CLANG_WARN_COMMA = YES;
				CLANG_WARN_CONSTANT_CONVERSION = YES;
				CLANG_WARN_DEPRECATED_OBJC_IMPLEMENTATIONS = YES;
				CLANG_WARN_DIRECT_OBJC_ISA_USAGE = YES_ERROR;
				CLANG_WARN_EMPTY_BODY = YES;
				CLANG_WARN_ENUM_CONVERSION = YES;
				CLANG_WARN_INFINITE_RECURSION = YES;
				CLANG_WARN_INT_CONVERSION = YES;
				CLANG_WARN_NON_LITERAL_NULL_CONVERSION = YES;
				CLANG_WARN_OBJC_IMPLICIT_RETAIN_SELF = YES;
				CLANG_WARN_OBJC_LITERAL_CONVERSION = YES;
				CLANG_WARN_OBJC_ROOT_CLASS = YES_ERROR;
				CLANG_WARN_RANGE_LOOP_ANALYSIS = YES;
				CLANG_WARN_STRICT_PROTOTYPES = YES;
				CLANG_WARN_SUSPICIOUS_MOVE = YES;
				CLANG_WARN_UNREACHABLE_CODE = YES;
				CLANG_WARN__DUPLICATE_METHOD_MATCH = YES;
				"CODE_SIGN_IDENTITY[sdk=iphoneos*]" = "iPhone Developer";
				COPY_PHASE_STRIP = YES;
				ENABLE_NS_ASSERTIONS = NO;
				ENABLE_STRICT_OBJC_MSGSEND = YES;
				GCC_C_LANGUAGE_STANDARD = gnu99;
				GCC_NO_COMMON_BLOCKS = YES;
				GCC_WARN_64_TO_32_BIT_CONVERSION = YES;
				GCC_WARN_ABOUT_RETURN_TYPE = YES_ERROR;
				GCC_WARN_UNDECLARED_SELECTOR = YES;
				GCC_WARN_UNINITIALIZED_AUTOS = YES_AGGRESSIVE;
				GCC_WARN_UNUSED_FUNCTION = YES;
				GCC_WARN_UNUSED_VARIABLE = YES;
				IPHONEOS_DEPLOYMENT_TARGET = 10.0;
				LD_RUNPATH_SEARCH_PATHS = "/usr/lib/swift $(inherited)";
				LIBRARY_SEARCH_PATHS = (
					"\"$(TOOLCHAIN_DIR)/usr/lib/swift/$(PLATFORM_NAME)\"",
					"\"$(TOOLCHAIN_DIR)/usr/lib/swift-5.0/$(PLATFORM_NAME)\"",
					"\"$(inherited)\"",
				);
				MTL_ENABLE_DEBUG_INFO = NO;
				SDKROOT = iphoneos;
				VALIDATE_PRODUCT = YES;
			};
			name = Release;
		};
/* End XCBuildConfiguration section */

/* Begin XCConfigurationList section */
		13B07F931A680F5B00A75B9A /* Build configuration list for PBXNativeTarget "KahvemTrakAgain" */ = {
			isa = XCConfigurationList;
			buildConfigurations = (
				13B07F941A680F5B00A75B9A /* Debug */,
				13B07F951A680F5B00A75B9A /* Release */,
			);
			defaultConfigurationIsVisible = 0;
			defaultConfigurationName = Release;
		};
		83CBB9FA1A601CBA00E9B192 /* Build configuration list for PBXProject "KahvemTrakAgain" */ = {
			isa = XCConfigurationList;
			buildConfigurations = (
				83CBBA201A601CBA00E9B192 /* Debug */,
				83CBBA211A601CBA00E9B192 /* Release */,
			);
			defaultConfigurationIsVisible = 0;
			defaultConfigurationName = Release;
		};
/* End XCConfigurationList section */
	};
	rootObject = 83CBB9F71A601CBA00E9B192 /* Project object */;
}
